
Microsoft Visual Studio Solution File, Format Version 12.00
# Visual Studio 2012
Project("{FAE04EC0-301F-11D3-BF4B-00C04F79EFBC}") = "Triangular asterisks integer", "Triangular asterisks integer\Triangular asterisks integer.csproj", "{B6B02F84-A379-4F3B-BCD7-4D15BDD10FF6}"
EndProject
Global
	GlobalSection(SolutionConfigurationPlatforms) = preSolution
		Debug|Any CPU = Debug|Any CPU
		Release|Any CPU = Release|Any CPU
	EndGlobalSection
	GlobalSection(ProjectConfigurationPlatforms) = postSolution
		{B6B02F84-A379-4F3B-BCD7-4D15BDD10FF6}.Debug|Any CPU.ActiveCfg = Debug|Any CPU
		{B6B02F84-A379-4F3B-BCD7-4D15BDD10FF6}.Debug|Any CPU.Build.0 = Debug|Any CPU
		{B6B02F84-A379-4F3B-BCD7-4D15BDD10FF6}.Release|Any CPU.ActiveCfg = Release|Any CPU
		{B6B02F84-A379-4F3B-BCD7-4D15BDD10FF6}.Release|Any CPU.Build.0 = Release|Any CPU
	EndGlobalSection
	GlobalSection(SolutionProperties) = preSolution
		HideSolutionNode = FALSE
	EndGlobalSection
EndGlobal
