
Microsoft Visual Studio Solution File, Format Version 12.00
# Visual Studio 2012
Project("{FAE04EC0-301F-11D3-BF4B-00C04F79EFBC}") = "using while loop to add integers", "using while loop to add integers\using while loop to add integers.csproj", "{1EAEA15D-9D48-4C40-A6F4-2B409B83C432}"
EndProject
Global
	GlobalSection(SolutionConfigurationPlatforms) = preSolution
		Debug|Any CPU = Debug|Any CPU
		Release|Any CPU = Release|Any CPU
	EndGlobalSection
	GlobalSection(ProjectConfigurationPlatforms) = postSolution
		{1EAEA15D-9D48-4C40-A6F4-2B409B83C432}.Debug|Any CPU.ActiveCfg = Debug|Any CPU
		{1EAEA15D-9D48-4C40-A6F4-2B409B83C432}.Debug|Any CPU.Build.0 = Debug|Any CPU
		{1EAEA15D-9D48-4C40-A6F4-2B409B83C432}.Release|Any CPU.ActiveCfg = Release|Any CPU
		{1EAEA15D-9D48-4C40-A6F4-2B409B83C432}.Release|Any CPU.Build.0 = Release|Any CPU
	EndGlobalSection
	GlobalSection(SolutionProperties) = preSolution
		HideSolutionNode = FALSE
	EndGlobalSection
EndGlobal
