
Microsoft Visual Studio Solution File, Format Version 12.00
# Visual Studio 2012
Project("{FAE04EC0-301F-11D3-BF4B-00C04F79EFBC}") = "ListBox", "ListBox\ListBox.csproj", "{41C56BE3-EB68-4DD7-8C02-344937BAA3AA}"
EndProject
Global
	GlobalSection(SolutionConfigurationPlatforms) = preSolution
		Debug|Any CPU = Debug|Any CPU
		Release|Any CPU = Release|Any CPU
	EndGlobalSection
	GlobalSection(ProjectConfigurationPlatforms) = postSolution
		{41C56BE3-EB68-4DD7-8C02-344937BAA3AA}.Debug|Any CPU.ActiveCfg = Debug|Any CPU
		{41C56BE3-EB68-4DD7-8C02-344937BAA3AA}.Debug|Any CPU.Build.0 = Debug|Any CPU
		{41C56BE3-EB68-4DD7-8C02-344937BAA3AA}.Release|Any CPU.ActiveCfg = Release|Any CPU
		{41C56BE3-EB68-4DD7-8C02-344937BAA3AA}.Release|Any CPU.Build.0 = Release|Any CPU
	EndGlobalSection
	GlobalSection(SolutionProperties) = preSolution
		HideSolutionNode = FALSE
	EndGlobalSection
EndGlobal
